
Microsoft Visual Studio Solution File, Format Version 12.00
# Visual Studio Version 17
VisualStudioVersion = 17.0.31903.59
MinimumVisualStudioVersion = 10.0.40219.1
Project("{FAE04EC0-301F-11D3-BF4B-00C04F79EFBC}") = "TodoApi", "TodoApi\TodoApi.csproj", "{4F1D49E0-15B7-4804-B67D-A34C79CA4383}"
EndProject
Global
	GlobalSection(SolutionConfigurationPlatforms) = preSolution
		Debug|Any CPU = Debug|Any CPU
		Release|Any CPU = Release|Any CPU
	EndGlobalSection
	GlobalSection(ProjectConfigurationPlatforms) = postSolution
		{4F1D49E0-15B7-4804-B67D-A34C79CA4383}.Debug|Any CPU.ActiveCfg = Debug|Any CPU
		{4F1D49E0-15B7-4804-B67D-A34C79CA4383}.Debug|Any CPU.Build.0 = Debug|Any CPU
		{4F1D49E0-15B7-4804-B67D-A34C79CA4383}.Release|Any CPU.ActiveCfg = Release|Any CPU
		{4F1D49E0-15B7-4804-B67D-A34C79CA4383}.Release|Any CPU.Build.0 = Release|Any CPU
	EndGlobalSection
	GlobalSection(SolutionProperties) = preSolution
		HideSolutionNode = FALSE
	EndGlobalSection
	GlobalSection(ExtensibilityGlobals) = postSolution
		SolutionGuid = {8FFE0E17-22D0-4F14-A9E4-521A69A3F845}
	EndGlobalSection
EndGlobal
